# THIS IS AN AUTOGENERATED FILE. DO NOT EDIT THIS FILE DIRECTLY.
assets/app.js.liquid:
  development: 2018-03-12T05:52:01-04:00   2306f6020b459f16093808fb952fd542
assets/blank.gif:
  development: 2018-03-09T11:58:11-05:00   325472601571f31e1bf00674c368d335
assets/favicon.png:
  development: 2018-03-09T11:58:11-05:00   c7f7681bcb67cd394e50fc7cbcc83351
assets/gift-card.scss.liquid:
  development: 2018-03-09T11:58:11-05:00   0f053b420a95d20a6d2ac9f7bba71fc6
assets/instantclick.min.js:
  development: 2018-03-09T11:58:11-05:00   f3a34f14d27ffe582930a7feacb526c2
assets/jquery.cart.min.js:
  development: 2018-03-09T11:58:11-05:00   86ea74fb021c3e0db8f78407bfb39827
assets/jquery.currencies.min.js:
  development: 2018-03-09T11:58:11-05:00   a2c79bdf6e19f37b1bd3f9e05dd55587
assets/jquery.min.js:
  development: 2018-03-09T11:58:12-05:00   c9f5aeeca3ad37bf2aa006139b935f0a
assets/loader.gif:
  development: 2018-03-09T11:58:12-05:00   83bf5a8710c6400b53a6bff5b6805f69
assets/loader2x.gif:
  development: 2018-03-09T11:58:12-05:00   e8da93f2c76336139e692ae3ad5ed635
assets/mw_options_template_2b7cd70d74d2c29c9c8604a9c8bb0a23.png:
  development: 2018-03-09T16:40:39-05:00   0da1ccdcc408a74d6a891044626aa53f
assets/password-page-background.jpg:
  development: 2018-03-09T11:58:12-05:00   7dd4dbe94233e457a64954cd75112db9
assets/select.png:
  development: 2018-03-09T11:58:12-05:00   48a1e30c2e09039fca9c7867e3cb3162
assets/select_light.png:
  development: 2018-03-09T11:58:12-05:00   b7515440f8d81453fa8694dd4f78bd35
assets/soldout.png:
  development: 2018-03-09T11:58:12-05:00   c1ba00cb8376e2d73c8dd37026969a07
assets/styles.scss.liquid:
  development: 2018-03-12T12:46:27-04:00   946726ec57433d7321ef930d2323c9f4
assets/turbo.eot:
  development: 2018-03-09T11:58:13-05:00   82e3ec9cc77712bde5b5eac0afe76730
assets/turbo.svg:
  development: 2018-03-09T11:58:13-05:00   cd8640463192cc88ec5d49e33dbf5a3d
assets/turbo.ttf:
  development: 2018-03-09T11:58:13-05:00   4a400c490abf18cb0985bd7bbbbda94a
assets/turbo.woff:
  development: 2018-03-09T11:58:13-05:00   e997b954186a87eab9019d844dcc9854
config/settings_data.json:
  development: 2018-03-12T09:51:58-04:00   3fe2e7648b9580bf069bd3330d1755d6
config/settings_schema.json:
  development: 2018-03-10T19:15:29-05:00   18ba8c73cbe36b713bc880b1f5955f63
layout/password.liquid:
  development: 2018-03-09T11:58:13-05:00   8ab31726ed94df21591b4b9eca0385ac
layout/theme.liquid:
  development: 2018-03-12T09:01:15-04:00   f923f1589b6a6f06fa50ce4915643efe
locales/de.json:
  development: 2018-03-09T11:58:13-05:00   57c4506cbacc25e60edf32ca59ff39ae
locales/en.default.json:
  development: 2018-03-12T12:54:37-04:00   8fb435d776daf81735c4200ec54268fa
locales/es.json:
  development: 2018-03-09T11:58:13-05:00   778d248ee3d0d80aed6e4d27511580be
locales/fr.json:
  development: 2018-03-09T11:58:13-05:00   106a209d3ccca7a5efe734b47326e07f
locales/pt-BR.json:
  development: 2018-03-09T11:58:13-05:00   cd43276fbaa32357dec505b08b0ca713
locales/pt-PT.json:
  development: 2018-03-09T11:58:14-05:00   d7b8ace47999789902a780fce51ae8d4
locales/zh-CN.json:
  development: 2018-03-09T11:58:14-05:00   9de1988911afcc233c32d81d57eaca5e
sections/article-template.liquid:
  development: 2018-03-09T11:58:05-05:00   adba8171682b00962334f71e81c2b2e5
sections/blog-template.liquid:
  development: 2018-03-09T11:58:05-05:00   57a5d36227cf030f981e0b5f7c17a0a2
sections/cart-template.liquid:
  development: 2018-03-12T20:55:26-04:00   8c97763878e7f4cad3ee9936eba310c4
sections/collection-list.liquid:
  development: 2018-03-11T15:48:40-04:00   a206d5b47487b5568680948686ad1bcf
sections/collection-sub-collections-template.liquid:
  development: 2018-03-09T11:58:05-05:00   602b619654295f9a400b905c2d45f367
sections/collection-template.liquid:
  development: 2018-03-11T13:32:51-04:00   27b7900b96f96ddc2f6dfe5f11e4862e
sections/contact-form.liquid:
  development: 2018-03-09T11:58:05-05:00   a4f4901cac0eab1ca612dd134719abcd
sections/contact-template.liquid:
  development: 2018-03-09T11:58:05-05:00   58b039fdcf077b7c1c235186a6b5b4ce
sections/content-page.liquid:
  development: 2018-03-09T11:58:05-05:00   2248650930a05e65163c13c1f5eed36e
sections/featured-blog.liquid:
  development: 2018-03-09T11:58:05-05:00   4a9148371392e1ae4f39e703fe020e64
sections/featured-collection.liquid:
  development: 2018-03-11T11:48:06-04:00   83ac346984535c71d566cb459b52311f
sections/featured-products.liquid:
  development: 2018-03-09T11:58:06-05:00   7c5d15be11807df6478eb545a568c76b
sections/featured-promotions.liquid:
  development: 2018-03-09T11:58:06-05:00   37535ade93026561e18551803181c947
sections/featured-text.liquid:
  development: 2018-03-09T11:58:06-05:00   50f6f64b8707e55218f6e979572659ed
sections/footer.liquid:
  development: 2018-03-09T11:58:06-05:00   be82bead7d8dcd8d624edd23e5a3ba31
sections/gallery.liquid:
  development: 2018-03-09T11:58:06-05:00   2fabe223db3598d4764e40768fa1fa11
sections/header.liquid:
  development: 2018-03-11T15:58:12-04:00   9126f9f7e2b790590a9e1b63ec0f0d53
sections/image-text.liquid:
  development: 2018-03-09T11:58:06-05:00   8ebee18f3256225482e9cb5c33856346
sections/image-with-text-overlay.liquid:
  development: 2018-03-09T11:58:06-05:00   03948710a4a2845d0cfcd548a06a56fd
sections/list-collections-template.liquid:
  development: 2018-03-11T12:08:14-04:00   7b910b61df444b0a9515b8dc102dfe2b
sections/logo-bar.liquid:
  development: 2018-03-09T11:58:06-05:00   17af8eb2a465aa70dfcd12bc3f7402aa
sections/map.liquid:
  development: 2018-03-09T11:58:06-05:00   6d93d0855e47ea9f2052558e003e8449
sections/mega-menu-1.liquid:
  development: 2018-03-09T11:58:07-05:00   7c91d8c3c4a052860bb1f9e5b4c466d3
sections/mega-menu-2.liquid:
  development: 2018-03-09T11:58:07-05:00   d658ecc77b5740524218212c964b6390
sections/mega-menu-3.liquid:
  development: 2018-03-09T11:58:07-05:00   c0464fe72c5f33059f270e8de865eb94
sections/mega-menu-4.liquid:
  development: 2018-03-09T11:58:07-05:00   6e271891b688d6b2c35d90dcb5feed46
sections/mega-menu-5.liquid:
  development: 2018-03-09T11:58:07-05:00   f1477b0b5065290b6b906dfcf7d282ed
sections/newsletter.liquid:
  development: 2018-03-09T11:58:07-05:00   534ad3997f7248c9b8d69854ae9d6434
sections/page-banner-template.liquid:
  development: 2018-03-09T11:58:07-05:00   176efae697ed6f41a2b839952ce981c5
sections/page-details-template.liquid:
  development: 2018-03-09T11:58:07-05:00   c1a8822788f5e504c8b4dd85139a6a62
sections/page-faq-template.liquid:
  development: 2018-03-09T11:58:07-05:00   e67edcd482a1cf941fab8a56f7bf4366
sections/page-gallery-template.liquid:
  development: 2018-03-09T11:58:08-05:00   4b93ba45c4cbdac8da075afa40ce4f0f
sections/page-sidebar-template.liquid:
  development: 2018-03-09T11:58:08-05:00   8f486fe790db7e05d5b7345c9db7fc95
sections/password-template.liquid:
  development: 2018-03-09T11:58:08-05:00   a53d5cd6fa885b114c9afc98e6ae3182
sections/product-description-bottom-template.liquid:
  development: 2018-03-09T11:58:08-05:00   0a413e4b44c71dde62b9d8dcc4bef507
sections/product-details-template.liquid:
  development: 2018-03-09T11:58:08-05:00   73f0029b11db7c444cd29f6b1876407d
sections/product-full-width-images-template.liquid:
  development: 2018-03-09T11:58:08-05:00   d4b15f16a464c4a62e3f38f6c1f88082
sections/product-recently-viewed-template.liquid:
  development: 2018-03-09T11:58:09-05:00   7ce805cedbaa91ea188af641465732fd
sections/product-template.liquid:
  development: 2018-03-12T05:40:36-04:00   ba9de35e5ceee1340bc4cf32fe794708
sections/recently-viewed.liquid:
  development: 2018-03-09T11:58:09-05:00   4e7da2656cf6650ccf6242e7409b50e1
sections/search-section.liquid:
  development: 2018-03-09T11:58:09-05:00   fbae2562618e12b7ffd734af95db172d
sections/search-template.liquid:
  development: 2018-03-09T11:58:09-05:00   44614928dfaf758503864f70f8c3caf9
sections/slideshow.liquid:
  development: 2018-03-09T11:58:09-05:00   8e206b97b2304f64ab418421cf1619c2
sections/social-feeds.liquid:
  development: 2018-03-09T11:58:09-05:00   097112f51f697f52ae8fc5d4800a2f08
sections/testimonial.liquid:
  development: 2018-03-09T11:58:09-05:00   8e4f3e181a15307b9d7c32372f4831c9
sections/text-columns-with-images.liquid:
  development: 2018-03-09T11:58:10-05:00   22db1560cd3214f3b8cd5ae0306d6b27
sections/video.liquid:
  development: 2018-03-09T11:58:10-05:00   c2de7110a7398d9e21c5926001ec9fd5
snippets/blog-sidebar.liquid:
  development: 2018-03-09T11:58:14-05:00   91bf2184a4fa32ec7cfc85e49e448c5a
snippets/cart-shipping-calculator.liquid:
  development: 2018-03-09T11:58:14-05:00   0c992312778319e39a2b74586e4ab0e6
snippets/cart-shipping-scripts.liquid:
  development: 2018-03-09T11:58:14-05:00   efcc198469c62284bed161cf96d122d8
snippets/collection-loop.liquid:
  development: 2018-03-09T11:58:14-05:00   fef9b6db815daba6fd12e3198e2a993e
snippets/collection-swatch.liquid:
  development: 2018-03-09T11:58:14-05:00   706f2fc0e07e31a2e84676da1dbd5993
snippets/currencies-switcher.liquid:
  development: 2018-03-11T13:26:13-04:00   ba8b3d7438e275c3b46293d985198998
snippets/currencies.liquid:
  development: 2018-03-09T11:58:14-05:00   e0507f96d8ee7724b0c1f8c4ddfc4b2e
snippets/menu.liquid:
  development: 2018-03-09T11:58:14-05:00   1d6510d32f98626c7f651b93a1bb370b
snippets/mobile-menu.liquid:
  development: 2018-03-09T11:58:14-05:00   b37425bae528cc27dc7636eebaa1220a
snippets/mw_PO_cart.liquid:
  development: 2018-03-09T15:59:31-05:00   8cdf9fc5883ebf5ce6953d6926a29d4a
snippets/mw_PO_continue.liquid:
  development: 2018-03-09T15:59:31-05:00   6bb5ec51c82ec254ae1f0fd21d134c2d
snippets/mw_PO_objects.liquid:
  development: 2018-03-09T15:59:32-05:00   0c8285408faaaf784fe60da7a45ad8c0
snippets/mw_PO_order.liquid:
  development: 2018-03-09T15:59:32-05:00   a227c46860e889ce24aae8c9cad0dc36
snippets/newsletter-form.liquid:
  development: 2018-03-09T11:58:14-05:00   cd0143ac3bfa43c382be8447dca0f862
snippets/page-multi-column.liquid:
  development: 2018-03-09T11:58:14-05:00   38d2921aab7365802beefae5b9e526d6
snippets/pagination.liquid:
  development: 2018-03-09T11:58:14-05:00   88aadd908fef489e6445d7ff26544309
snippets/popup-newsletter.liquid:
  development: 2018-03-09T11:58:14-05:00   3a8729c3c908a36eadd61ce45e2caf85
snippets/popup-quick-shop.liquid:
  development: 2018-03-09T11:58:14-05:00   d37808c843e1487cc04c6daf1516f925
snippets/popup-size-chart.liquid:
  development: 2018-03-09T11:58:14-05:00   4157a09f30c3a737e4f5322f397c44db
snippets/product-details.liquid:
  development: 2018-03-09T11:58:14-05:00   564d3f4585e0b97c6d618ff3daa02edb
snippets/product-form.liquid:
  development: 2018-03-12T12:39:08-04:00   4bb0d658ba1eba835e8990e9889c1036
snippets/product-full.liquid:
  development: 2018-03-09T11:58:15-05:00   29108cda5acbab303af42a16d7c759a3
snippets/product-images.liquid:
  development: 2018-03-09T11:58:15-05:00   f29d8dec5e2fac202d3b6afbe808f365
snippets/product-info.liquid:
  development: 2018-03-09T11:58:15-05:00   6144fef865c1db8f5b693477db571010
snippets/product-loop.liquid:
  development: 2018-03-09T11:58:15-05:00   b509c82d4a44101fd756669113faf64b
snippets/product-notify-me.liquid:
  development: 2018-03-09T11:58:15-05:00   ddc52afc3998c6a4a4b03614482f4d7a
snippets/product-slider.liquid:
  development: 2018-03-09T11:58:15-05:00   9f53ea5ccf0b77b1833a6af2904a90ae
snippets/product-swatch.liquid:
  development: 2018-03-09T11:58:15-05:00   ebab883f3c761df03969dbd5643d4948
snippets/product-thumbnail.liquid:
  development: 2018-03-11T12:07:55-04:00   3711dc8ecfe71f3216bb5c7c3112de20
snippets/quick-shop-button.liquid:
  development: 2018-03-09T11:58:15-05:00   7a4ff8bf21b75d402ea4b20b20e5becb
snippets/recently-viewed-block.liquid:
  development: 2018-03-09T11:58:15-05:00   f802db787d1ab6cf2af975ebb88b924b
snippets/recently-viewed.liquid:
  development: 2018-03-09T11:58:15-05:00   ead53816084353a7646f6bebc8fd47b8
snippets/related-products.liquid:
  development: 2018-03-09T11:58:15-05:00   8fe14fe2bf1aade8da989bafbcc0127d
snippets/sidebar.liquid:
  development: 2018-03-09T11:58:15-05:00   cca02cda4e112ff40f67a2ffb759aca4
snippets/social-buttons.liquid:
  development: 2018-03-09T11:58:16-05:00   b86fecf65d0806a9e361d520753fa0f2
snippets/social-icons.liquid:
  development: 2018-03-09T11:58:16-05:00   f7db0f4d1a0d1fd5166f2eb2e91db4c6
snippets/social-meta-info.liquid:
  development: 2018-03-09T11:58:16-05:00   60f58fb66cbe89a359ea353a5da209bc
snippets/sub-menu.liquid:
  development: 2018-03-09T11:58:16-05:00   ac7905d6032e72b22f3b81e7d765da2c
snippets/vertical-menu.liquid:
  development: 2018-03-09T11:58:16-05:00   caa7fa0ad7198b315b71b42162d0a887
templates/404.liquid:
  development: 2018-03-09T11:58:16-05:00   36f294bc6500fc8133f5a88d8ca18f18
templates/article.liquid:
  development: 2018-03-09T11:58:16-05:00   08563437ca9c95766c220339923d2899
templates/blog.liquid:
  development: 2018-03-09T11:58:16-05:00   bd179039c27ce5491916345176d4d173
templates/cart.assets.liquid:
  development: 2018-03-09T11:58:16-05:00   948dccfe7f90849a7d43a36722ebc27a
templates/cart.liquid:
  development: 2018-03-09T11:58:16-05:00   c8fef44a3db43c4dbce3a32e0f40479c
templates/cart.settings.liquid:
  development: 2018-03-09T11:58:16-05:00   0200f25c09983ad5d5183c737e89dfa1
templates/collection.liquid:
  development: 2018-03-09T11:58:16-05:00   f1cfa9fa0a88084d19c50ea943759817
templates/collection.sub-collections.liquid:
  development: 2018-03-09T11:58:16-05:00   f1a77a45fb9f72ebd76d90b7e648770d
templates/customers/account.liquid:
  development: 2018-03-09T11:58:16-05:00   0176229a6bf81efb5be6555c521c6e78
templates/customers/activate_account.liquid:
  development: 2018-03-09T11:58:16-05:00   df864fd4ec83be18f10504d4c92a66b6
templates/customers/addresses.liquid:
  development: 2018-03-09T11:58:16-05:00   6d7cdd87924c995c317714d25a72efc2
templates/customers/login.liquid:
  development: 2018-03-09T11:58:16-05:00   31f22238c7bb0de4f15a9f3fda0dbad8
templates/customers/order.liquid:
  development: 2018-03-12T09:02:06-04:00   3f818ed7d2fde386dc7b98916c06a18e
templates/customers/register.liquid:
  development: 2018-03-09T11:58:17-05:00   7f7a55b41d1d1aad325ec5dec791f27f
templates/customers/reset_password.liquid:
  development: 2018-03-09T11:58:17-05:00   0ae8f50214b17b0690fccea2d5b9b945
templates/gift_card.liquid:
  development: 2018-03-09T11:58:17-05:00   832a6db65a6e98b0ce44bb381750cedd
templates/index.liquid:
  development: 2018-03-09T11:58:17-05:00   de8d9f3ffa3b54fda048c8897f3f94f0
templates/list-collections.liquid:
  development: 2018-03-09T11:58:17-05:00   6c951a94c4d7b8b9e36c0e655df45ed5
templates/page.banner.liquid:
  development: 2018-03-09T11:58:17-05:00   035a3299da6ab244fc1d2b8ef935d0bd
templates/page.contact.liquid:
  development: 2018-03-09T11:58:17-05:00   0d0d60a8f9f8ea9bfd213d74b668f297
templates/page.details.liquid:
  development: 2018-03-09T11:58:17-05:00   b76442952ffb97be2cd607b4aa41c1d9
templates/page.faq.liquid:
  development: 2018-03-09T11:58:17-05:00   bc00b003690e7dd3e39de76a4521bc60
templates/page.gallery.liquid:
  development: 2018-03-09T11:58:17-05:00   de3d838e3959ca6a0c00fee545f88b67
templates/page.liquid:
  development: 2018-03-09T11:58:17-05:00   71fc0f3f3a2acdffff251de39e1e2be4
templates/page.multi-column.liquid:
  development: 2018-03-09T11:58:17-05:00   a4fd11913ea3d87e7fd5eac1281e697e
templates/page.narrow.liquid:
  development: 2018-03-09T11:58:17-05:00   6d232baabba762fc25c9d11eda7c5277
templates/page.no-title.liquid:
  development: 2018-03-09T11:58:17-05:00   37ffe676264b8e93d65c15b4417ef12a
templates/page.sidebar.liquid:
  development: 2018-03-09T11:58:17-05:00   c345ec1667da8c9d43c58d4e9f8525f1
templates/password.liquid:
  development: 2018-03-09T11:58:18-05:00   16bf03b80438eb0983386ccb512a6cd5
templates/product.description-bottom.liquid:
  development: 2018-03-09T11:58:18-05:00   957548f7d7a0ac12a2fba059d89ba6cc
templates/product.details.liquid:
  development: 2018-03-09T11:58:18-05:00   a0ce8c619b7804015ddf7d062b6ab8a2
templates/product.full-width-images.liquid:
  development: 2018-03-09T11:58:18-05:00   142f98b433e3b4929253e9a54747fa6c
templates/product.liquid:
  development: 2018-03-09T11:58:18-05:00   8dc0a5ff5551ec620d64c92ba21689d8
templates/product.rv.liquid:
  development: 2018-03-09T11:58:18-05:00   e5c5acbb51bb7dca03e714b96444bd01
templates/search.liquid:
  development: 2018-03-09T11:58:18-05:00   f44fa003f48ebfc104ab0937b80b3a84
